// !$*UTF8*$!
{
	archiveVersion = 1;
	classes = {
	};
	objectVersion = 46;
	objects = {

/* Begin PBXBuildFile section */
		OBJ_100 /* TaskPipe.swift in Sources */ = {isa = PBXBuildFile; fileRef = OBJ_36 /* TaskPipe.swift */; };
		OBJ_107 /* Dictionary_Initializers.swift in Sources */ = {isa = PBXBuildFile; fileRef = OBJ_38 /* Dictionary_Initializers.swift */; };
		OBJ_108 /* Locksmith.swift in Sources */ = {isa = PBXBuildFile; fileRef = OBJ_39 /* Locksmith.swift */; };
		OBJ_109 /* LocksmithAccessibleOption.swift in Sources */ = {isa = PBXBuildFile; fileRef = OBJ_40 /* LocksmithAccessibleOption.swift */; };
		OBJ_110 /* LocksmithError.swift in Sources */ = {isa = PBXBuildFile; fileRef = OBJ_41 /* LocksmithError.swift */; };
		OBJ_111 /* LocksmithInternetAuthenticationType.swift in Sources */ = {isa = PBXBuildFile; fileRef = OBJ_42 /* LocksmithInternetAuthenticationType.swift */; };
		OBJ_112 /* LocksmithInternetProtocol.swift in Sources */ = {isa = PBXBuildFile; fileRef = OBJ_43 /* LocksmithInternetProtocol.swift */; };
		OBJ_113 /* LocksmithSecurityClass.swift in Sources */ = {isa = PBXBuildFile; fileRef = OBJ_44 /* LocksmithSecurityClass.swift */; };
		OBJ_120 /* AddComment.swift in Sources */ = {isa = PBXBuildFile; fileRef = OBJ_46 /* AddComment.swift */; };
		OBJ_121 /* APIFunctions.swift in Sources */ = {isa = PBXBuildFile; fileRef = OBJ_47 /* APIFunctions.swift */; };
		OBJ_122 /* Client.swift in Sources */ = {isa = PBXBuildFile; fileRef = OBJ_48 /* Client.swift */; };
		OBJ_123 /* Executor.swift in Sources */ = {isa = PBXBuildFile; fileRef = OBJ_49 /* Executor.swift */; };
		OBJ_124 /* LogTime.swift in Sources */ = {isa = PBXBuildFile; fileRef = OBJ_50 /* LogTime.swift */; };
		OBJ_125 /* Params.swift in Sources */ = {isa = PBXBuildFile; fileRef = OBJ_51 /* Params.swift */; };
		OBJ_126 /* Request.swift in Sources */ = {isa = PBXBuildFile; fileRef = OBJ_52 /* Request.swift */; };
		OBJ_127 /* Response.swift in Sources */ = {isa = PBXBuildFile; fileRef = OBJ_53 /* Response.swift */; };
		OBJ_128 /* URL.swift in Sources */ = {isa = PBXBuildFile; fileRef = OBJ_54 /* URL.swift */; };
		OBJ_135 /* AddCommentCommand.swift in Sources */ = {isa = PBXBuildFile; fileRef = OBJ_56 /* AddCommentCommand.swift */; };
		OBJ_136 /* Commands.swift in Sources */ = {isa = PBXBuildFile; fileRef = OBJ_57 /* Commands.swift */; };
		OBJ_137 /* Login.swift in Sources */ = {isa = PBXBuildFile; fileRef = OBJ_58 /* Login.swift */; };
		OBJ_138 /* LogTimeCommand.swift in Sources */ = {isa = PBXBuildFile; fileRef = OBJ_59 /* LogTimeCommand.swift */; };
		OBJ_139 /* main.swift in Sources */ = {isa = PBXBuildFile; fileRef = OBJ_60 /* main.swift */; };
		OBJ_140 /* SwitchTask.swift in Sources */ = {isa = PBXBuildFile; fileRef = OBJ_61 /* SwitchTask.swift */; };
		OBJ_142 /* Swiftline.framework in Frameworks */ = {isa = PBXBuildFile; fileRef = OBJ_64 /* Swiftline.framework */; };
		OBJ_143 /* Locksmith.framework in Frameworks */ = {isa = PBXBuildFile; fileRef = OBJ_65 /* Locksmith.framework */; };
		OBJ_144 /* KanbanizeAPI.framework in Frameworks */ = {isa = PBXBuildFile; fileRef = OBJ_66 /* KanbanizeAPI.framework */; };
		OBJ_73 /* Agree.swift in Sources */ = {isa = PBXBuildFile; fileRef = OBJ_9 /* Agree.swift */; };
		OBJ_74 /* AgreeSettings.swift in Sources */ = {isa = PBXBuildFile; fileRef = OBJ_10 /* AgreeSettings.swift */; };
		OBJ_75 /* ArgConvertible.swift in Sources */ = {isa = PBXBuildFile; fileRef = OBJ_11 /* ArgConvertible.swift */; };
		OBJ_76 /* Args.swift in Sources */ = {isa = PBXBuildFile; fileRef = OBJ_12 /* Args.swift */; };
		OBJ_77 /* ArgsParser.swift in Sources */ = {isa = PBXBuildFile; fileRef = OBJ_13 /* ArgsParser.swift */; };
		OBJ_78 /* Argument.swift in Sources */ = {isa = PBXBuildFile; fileRef = OBJ_14 /* Argument.swift */; };
		OBJ_79 /* Ask.swift in Sources */ = {isa = PBXBuildFile; fileRef = OBJ_15 /* Ask.swift */; };
		OBJ_80 /* AskerValidator.swift in Sources */ = {isa = PBXBuildFile; fileRef = OBJ_16 /* AskerValidator.swift */; };
		OBJ_81 /* AskSettings.swift in Sources */ = {isa = PBXBuildFile; fileRef = OBJ_17 /* AskSettings.swift */; };
		OBJ_82 /* Choose.swift in Sources */ = {isa = PBXBuildFile; fileRef = OBJ_18 /* Choose.swift */; };
		OBJ_83 /* ChooseSettings.swift in Sources */ = {isa = PBXBuildFile; fileRef = OBJ_19 /* ChooseSettings.swift */; };
		OBJ_84 /* Colorizer.swift in Sources */ = {isa = PBXBuildFile; fileRef = OBJ_20 /* Colorizer.swift */; };
		OBJ_85 /* CommandExecutor.swift in Sources */ = {isa = PBXBuildFile; fileRef = OBJ_21 /* CommandExecutor.swift */; };
		OBJ_86 /* Env.swift in Sources */ = {isa = PBXBuildFile; fileRef = OBJ_22 /* Env.swift */; };
		OBJ_87 /* Glob.swift in Sources */ = {isa = PBXBuildFile; fileRef = OBJ_23 /* Glob.swift */; };
		OBJ_88 /* ProcessInfo.swift in Sources */ = {isa = PBXBuildFile; fileRef = OBJ_24 /* ProcessInfo.swift */; };
		OBJ_89 /* PromptPrinter.swift in Sources */ = {isa = PBXBuildFile; fileRef = OBJ_25 /* PromptPrinter.swift */; };
		OBJ_90 /* PromptReader.swift in Sources */ = {isa = PBXBuildFile; fileRef = OBJ_26 /* PromptReader.swift */; };
		OBJ_91 /* PromptSettings.swift in Sources */ = {isa = PBXBuildFile; fileRef = OBJ_27 /* PromptSettings.swift */; };
		OBJ_92 /* Runner.swift in Sources */ = {isa = PBXBuildFile; fileRef = OBJ_28 /* Runner.swift */; };
		OBJ_93 /* RunnerSettings.swift in Sources */ = {isa = PBXBuildFile; fileRef = OBJ_29 /* RunnerSettings.swift */; };
		OBJ_94 /* RunResults.swift in Sources */ = {isa = PBXBuildFile; fileRef = OBJ_30 /* RunResults.swift */; };
		OBJ_95 /* ShortHandRunner.swift in Sources */ = {isa = PBXBuildFile; fileRef = OBJ_31 /* ShortHandRunner.swift */; };
		OBJ_96 /* StringBackgroundColorizer.swift in Sources */ = {isa = PBXBuildFile; fileRef = OBJ_32 /* StringBackgroundColorizer.swift */; };
		OBJ_97 /* StringForegroundColorizer.swift in Sources */ = {isa = PBXBuildFile; fileRef = OBJ_33 /* StringForegroundColorizer.swift */; };
		OBJ_98 /* StringStyle.swift in Sources */ = {isa = PBXBuildFile; fileRef = OBJ_34 /* StringStyle.swift */; };
		OBJ_99 /* StringStyleColorizer.swift in Sources */ = {isa = PBXBuildFile; fileRef = OBJ_35 /* StringStyleColorizer.swift */; };
/* End PBXBuildFile section */

/* Begin PBXContainerItemProxy section */
		095CDCB61E1113E800C8B862 /* PBXContainerItemProxy */ = {
			isa = PBXContainerItemProxy;
			containerPortal = OBJ_1 /* Project object */;
			proxyType = 1;
			remoteGlobalIDString = OBJ_68;
			remoteInfo = Swiftline;
		};
		095CDCB71E1113E800C8B862 /* PBXContainerItemProxy */ = {
			isa = PBXContainerItemProxy;
			containerPortal = OBJ_1 /* Project object */;
			proxyType = 1;
			remoteGlobalIDString = OBJ_102;
			remoteInfo = Locksmith;
		};
		095CDCB81E1113E800C8B862 /* PBXContainerItemProxy */ = {
			isa = PBXContainerItemProxy;
			containerPortal = OBJ_1 /* Project object */;
			proxyType = 1;
			remoteGlobalIDString = OBJ_115;
			remoteInfo = KanbanizeAPI;
		};
/* End PBXContainerItemProxy section */

/* Begin PBXFileReference section */
		OBJ_10 /* AgreeSettings.swift */ = {isa = PBXFileReference; lastKnownFileType = sourcecode.swift; path = AgreeSettings.swift; sourceTree = "<group>"; };
		OBJ_11 /* ArgConvertible.swift */ = {isa = PBXFileReference; lastKnownFileType = sourcecode.swift; path = ArgConvertible.swift; sourceTree = "<group>"; };
		OBJ_12 /* Args.swift */ = {isa = PBXFileReference; lastKnownFileType = sourcecode.swift; path = Args.swift; sourceTree = "<group>"; };
		OBJ_13 /* ArgsParser.swift */ = {isa = PBXFileReference; lastKnownFileType = sourcecode.swift; path = ArgsParser.swift; sourceTree = "<group>"; };
		OBJ_14 /* Argument.swift */ = {isa = PBXFileReference; lastKnownFileType = sourcecode.swift; path = Argument.swift; sourceTree = "<group>"; };
		OBJ_15 /* Ask.swift */ = {isa = PBXFileReference; lastKnownFileType = sourcecode.swift; path = Ask.swift; sourceTree = "<group>"; };
		OBJ_16 /* AskerValidator.swift */ = {isa = PBXFileReference; lastKnownFileType = sourcecode.swift; path = AskerValidator.swift; sourceTree = "<group>"; };
		OBJ_17 /* AskSettings.swift */ = {isa = PBXFileReference; lastKnownFileType = sourcecode.swift; path = AskSettings.swift; sourceTree = "<group>"; };
		OBJ_18 /* Choose.swift */ = {isa = PBXFileReference; lastKnownFileType = sourcecode.swift; path = Choose.swift; sourceTree = "<group>"; };
		OBJ_19 /* ChooseSettings.swift */ = {isa = PBXFileReference; lastKnownFileType = sourcecode.swift; path = ChooseSettings.swift; sourceTree = "<group>"; };
		OBJ_20 /* Colorizer.swift */ = {isa = PBXFileReference; lastKnownFileType = sourcecode.swift; path = Colorizer.swift; sourceTree = "<group>"; };
		OBJ_21 /* CommandExecutor.swift */ = {isa = PBXFileReference; lastKnownFileType = sourcecode.swift; path = CommandExecutor.swift; sourceTree = "<group>"; };
		OBJ_22 /* Env.swift */ = {isa = PBXFileReference; lastKnownFileType = sourcecode.swift; path = Env.swift; sourceTree = "<group>"; };
		OBJ_23 /* Glob.swift */ = {isa = PBXFileReference; lastKnownFileType = sourcecode.swift; path = Glob.swift; sourceTree = "<group>"; };
		OBJ_24 /* ProcessInfo.swift */ = {isa = PBXFileReference; lastKnownFileType = sourcecode.swift; path = ProcessInfo.swift; sourceTree = "<group>"; };
		OBJ_25 /* PromptPrinter.swift */ = {isa = PBXFileReference; lastKnownFileType = sourcecode.swift; path = PromptPrinter.swift; sourceTree = "<group>"; };
		OBJ_26 /* PromptReader.swift */ = {isa = PBXFileReference; lastKnownFileType = sourcecode.swift; path = PromptReader.swift; sourceTree = "<group>"; };
		OBJ_27 /* PromptSettings.swift */ = {isa = PBXFileReference; lastKnownFileType = sourcecode.swift; path = PromptSettings.swift; sourceTree = "<group>"; };
		OBJ_28 /* Runner.swift */ = {isa = PBXFileReference; lastKnownFileType = sourcecode.swift; path = Runner.swift; sourceTree = "<group>"; };
		OBJ_29 /* RunnerSettings.swift */ = {isa = PBXFileReference; lastKnownFileType = sourcecode.swift; path = RunnerSettings.swift; sourceTree = "<group>"; };
		OBJ_30 /* RunResults.swift */ = {isa = PBXFileReference; lastKnownFileType = sourcecode.swift; path = RunResults.swift; sourceTree = "<group>"; };
		OBJ_31 /* ShortHandRunner.swift */ = {isa = PBXFileReference; lastKnownFileType = sourcecode.swift; path = ShortHandRunner.swift; sourceTree = "<group>"; };
		OBJ_32 /* StringBackgroundColorizer.swift */ = {isa = PBXFileReference; lastKnownFileType = sourcecode.swift; path = StringBackgroundColorizer.swift; sourceTree = "<group>"; };
		OBJ_33 /* StringForegroundColorizer.swift */ = {isa = PBXFileReference; lastKnownFileType = sourcecode.swift; path = StringForegroundColorizer.swift; sourceTree = "<group>"; };
		OBJ_34 /* StringStyle.swift */ = {isa = PBXFileReference; lastKnownFileType = sourcecode.swift; path = StringStyle.swift; sourceTree = "<group>"; };
		OBJ_35 /* StringStyleColorizer.swift */ = {isa = PBXFileReference; lastKnownFileType = sourcecode.swift; path = StringStyleColorizer.swift; sourceTree = "<group>"; };
		OBJ_36 /* TaskPipe.swift */ = {isa = PBXFileReference; lastKnownFileType = sourcecode.swift; path = TaskPipe.swift; sourceTree = "<group>"; };
		OBJ_38 /* Dictionary_Initializers.swift */ = {isa = PBXFileReference; lastKnownFileType = sourcecode.swift; path = Dictionary_Initializers.swift; sourceTree = "<group>"; };
		OBJ_39 /* Locksmith.swift */ = {isa = PBXFileReference; lastKnownFileType = sourcecode.swift; path = Locksmith.swift; sourceTree = "<group>"; };
		OBJ_40 /* LocksmithAccessibleOption.swift */ = {isa = PBXFileReference; lastKnownFileType = sourcecode.swift; path = LocksmithAccessibleOption.swift; sourceTree = "<group>"; };
		OBJ_41 /* LocksmithError.swift */ = {isa = PBXFileReference; lastKnownFileType = sourcecode.swift; path = LocksmithError.swift; sourceTree = "<group>"; };
		OBJ_42 /* LocksmithInternetAuthenticationType.swift */ = {isa = PBXFileReference; lastKnownFileType = sourcecode.swift; path = LocksmithInternetAuthenticationType.swift; sourceTree = "<group>"; };
		OBJ_43 /* LocksmithInternetProtocol.swift */ = {isa = PBXFileReference; lastKnownFileType = sourcecode.swift; path = LocksmithInternetProtocol.swift; sourceTree = "<group>"; };
		OBJ_44 /* LocksmithSecurityClass.swift */ = {isa = PBXFileReference; lastKnownFileType = sourcecode.swift; path = LocksmithSecurityClass.swift; sourceTree = "<group>"; };
		OBJ_46 /* AddComment.swift */ = {isa = PBXFileReference; lastKnownFileType = sourcecode.swift; path = AddComment.swift; sourceTree = "<group>"; };
		OBJ_47 /* APIFunctions.swift */ = {isa = PBXFileReference; lastKnownFileType = sourcecode.swift; path = APIFunctions.swift; sourceTree = "<group>"; };
		OBJ_48 /* Client.swift */ = {isa = PBXFileReference; lastKnownFileType = sourcecode.swift; path = Client.swift; sourceTree = "<group>"; };
		OBJ_49 /* Executor.swift */ = {isa = PBXFileReference; lastKnownFileType = sourcecode.swift; path = Executor.swift; sourceTree = "<group>"; };
		OBJ_50 /* LogTime.swift */ = {isa = PBXFileReference; lastKnownFileType = sourcecode.swift; path = LogTime.swift; sourceTree = "<group>"; };
		OBJ_51 /* Params.swift */ = {isa = PBXFileReference; lastKnownFileType = sourcecode.swift; path = Params.swift; sourceTree = "<group>"; };
		OBJ_52 /* Request.swift */ = {isa = PBXFileReference; lastKnownFileType = sourcecode.swift; path = Request.swift; sourceTree = "<group>"; };
		OBJ_53 /* Response.swift */ = {isa = PBXFileReference; lastKnownFileType = sourcecode.swift; path = Response.swift; sourceTree = "<group>"; };
		OBJ_54 /* URL.swift */ = {isa = PBXFileReference; lastKnownFileType = sourcecode.swift; path = URL.swift; sourceTree = "<group>"; };
		OBJ_56 /* AddCommentCommand.swift */ = {isa = PBXFileReference; lastKnownFileType = sourcecode.swift; path = AddCommentCommand.swift; sourceTree = "<group>"; };
		OBJ_57 /* Commands.swift */ = {isa = PBXFileReference; lastKnownFileType = sourcecode.swift; path = Commands.swift; sourceTree = "<group>"; };
		OBJ_58 /* Login.swift */ = {isa = PBXFileReference; lastKnownFileType = sourcecode.swift; path = Login.swift; sourceTree = "<group>"; };
		OBJ_59 /* LogTimeCommand.swift */ = {isa = PBXFileReference; lastKnownFileType = sourcecode.swift; path = LogTimeCommand.swift; sourceTree = "<group>"; };
		OBJ_6 /* Package.swift */ = {isa = PBXFileReference; explicitFileType = sourcecode.swift; path = Package.swift; sourceTree = "<group>"; };
		OBJ_60 /* main.swift */ = {isa = PBXFileReference; lastKnownFileType = sourcecode.swift; path = main.swift; sourceTree = "<group>"; };
		OBJ_61 /* SwitchTask.swift */ = {isa = PBXFileReference; lastKnownFileType = sourcecode.swift; path = SwitchTask.swift; sourceTree = "<group>"; };
		OBJ_64 /* Swiftline.framework */ = {isa = PBXFileReference; explicitFileType = wrapper.framework; path = Swiftline.framework; sourceTree = BUILT_PRODUCTS_DIR; };
		OBJ_65 /* Locksmith.framework */ = {isa = PBXFileReference; explicitFileType = wrapper.framework; path = Locksmith.framework; sourceTree = BUILT_PRODUCTS_DIR; };
		OBJ_66 /* KanbanizeAPI.framework */ = {isa = PBXFileReference; explicitFileType = wrapper.framework; path = KanbanizeAPI.framework; sourceTree = BUILT_PRODUCTS_DIR; };
		OBJ_67 /* KanbanizeCLI */ = {isa = PBXFileReference; explicitFileType = "compiled.mach-o.executable"; path = KanbanizeCLI; sourceTree = BUILT_PRODUCTS_DIR; };
		OBJ_9 /* Agree.swift */ = {isa = PBXFileReference; lastKnownFileType = sourcecode.swift; path = Agree.swift; sourceTree = "<group>"; };
/* End PBXFileReference section */

/* Begin PBXFrameworksBuildPhase section */
		OBJ_101 /* Frameworks */ = {
			isa = PBXFrameworksBuildPhase;
			buildActionMask = 0;
			files = (
			);
			runOnlyForDeploymentPostprocessing = 0;
		};
		OBJ_114 /* Frameworks */ = {
			isa = PBXFrameworksBuildPhase;
			buildActionMask = 0;
			files = (
			);
			runOnlyForDeploymentPostprocessing = 0;
		};
		OBJ_129 /* Frameworks */ = {
			isa = PBXFrameworksBuildPhase;
			buildActionMask = 0;
			files = (
			);
			runOnlyForDeploymentPostprocessing = 0;
		};
		OBJ_141 /* Frameworks */ = {
			isa = PBXFrameworksBuildPhase;
			buildActionMask = 0;
			files = (
				OBJ_142 /* Swiftline.framework in Frameworks */,
				OBJ_143 /* Locksmith.framework in Frameworks */,
				OBJ_144 /* KanbanizeAPI.framework in Frameworks */,
			);
			runOnlyForDeploymentPostprocessing = 0;
		};
/* End PBXFrameworksBuildPhase section */

/* Begin PBXGroup section */
		OBJ_37 /* Locksmith */ = {
			isa = PBXGroup;
			children = (
				OBJ_38 /* Dictionary_Initializers.swift */,
				OBJ_39 /* Locksmith.swift */,
				OBJ_40 /* LocksmithAccessibleOption.swift */,
				OBJ_41 /* LocksmithError.swift */,
				OBJ_42 /* LocksmithInternetAuthenticationType.swift */,
				OBJ_43 /* LocksmithInternetProtocol.swift */,
				OBJ_44 /* LocksmithSecurityClass.swift */,
			);
			name = Locksmith;
			path = "Packages/Locksmith-3.0.1/Source";
			sourceTree = SOURCE_ROOT;
		};
		OBJ_45 /* KanbanizeAPI */ = {
			isa = PBXGroup;
			children = (
				OBJ_46 /* AddComment.swift */,
				OBJ_47 /* APIFunctions.swift */,
				OBJ_48 /* Client.swift */,
				OBJ_49 /* Executor.swift */,
				OBJ_50 /* LogTime.swift */,
				OBJ_51 /* Params.swift */,
				OBJ_52 /* Request.swift */,
				OBJ_53 /* Response.swift */,
				OBJ_54 /* URL.swift */,
			);
			name = KanbanizeAPI;
			path = "Packages/KanbanizeAPI-0.1.0/Sources";
			sourceTree = SOURCE_ROOT;
		};
		OBJ_5 /*  */ = {
			isa = PBXGroup;
			children = (
				OBJ_6 /* Package.swift */,
				OBJ_7 /* Sources */,
				OBJ_62 /* Tests */,
				OBJ_63 /* Products */,
			);
			name = "";
			sourceTree = "<group>";
		};
		OBJ_55 /* KanbanizeCLI */ = {
			isa = PBXGroup;
			children = (
				OBJ_56 /* AddCommentCommand.swift */,
				OBJ_57 /* Commands.swift */,
				OBJ_58 /* Login.swift */,
				OBJ_59 /* LogTimeCommand.swift */,
				OBJ_60 /* main.swift */,
				OBJ_61 /* SwitchTask.swift */,
			);
			name = KanbanizeCLI;
			path = Sources;
			sourceTree = SOURCE_ROOT;
		};
		OBJ_62 /* Tests */ = {
			isa = PBXGroup;
			children = (
			);
			path = Tests;
			sourceTree = "<group>";
		};
		OBJ_63 /* Products */ = {
			isa = PBXGroup;
			children = (
				OBJ_64 /* Swiftline.framework */,
				OBJ_65 /* Locksmith.framework */,
				OBJ_66 /* KanbanizeAPI.framework */,
				OBJ_67 /* KanbanizeCLI */,
			);
			name = Products;
			sourceTree = BUILT_PRODUCTS_DIR;
		};
		OBJ_7 /* Sources */ = {
			isa = PBXGroup;
			children = (
				OBJ_8 /* Swiftline */,
				OBJ_37 /* Locksmith */,
				OBJ_45 /* KanbanizeAPI */,
				OBJ_55 /* KanbanizeCLI */,
			);
			path = Sources;
			sourceTree = "<group>";
		};
		OBJ_8 /* Swiftline */ = {
			isa = PBXGroup;
			children = (
				OBJ_9 /* Agree.swift */,
				OBJ_10 /* AgreeSettings.swift */,
				OBJ_11 /* ArgConvertible.swift */,
				OBJ_12 /* Args.swift */,
				OBJ_13 /* ArgsParser.swift */,
				OBJ_14 /* Argument.swift */,
				OBJ_15 /* Ask.swift */,
				OBJ_16 /* AskerValidator.swift */,
				OBJ_17 /* AskSettings.swift */,
				OBJ_18 /* Choose.swift */,
				OBJ_19 /* ChooseSettings.swift */,
				OBJ_20 /* Colorizer.swift */,
				OBJ_21 /* CommandExecutor.swift */,
				OBJ_22 /* Env.swift */,
				OBJ_23 /* Glob.swift */,
				OBJ_24 /* ProcessInfo.swift */,
				OBJ_25 /* PromptPrinter.swift */,
				OBJ_26 /* PromptReader.swift */,
				OBJ_27 /* PromptSettings.swift */,
				OBJ_28 /* Runner.swift */,
				OBJ_29 /* RunnerSettings.swift */,
				OBJ_30 /* RunResults.swift */,
				OBJ_31 /* ShortHandRunner.swift */,
				OBJ_32 /* StringBackgroundColorizer.swift */,
				OBJ_33 /* StringForegroundColorizer.swift */,
				OBJ_34 /* StringStyle.swift */,
				OBJ_35 /* StringStyleColorizer.swift */,
				OBJ_36 /* TaskPipe.swift */,
			);
			name = Swiftline;
			path = "Packages/Swiftline-0.5.0/Source";
			sourceTree = SOURCE_ROOT;
		};
/* End PBXGroup section */

/* Begin PBXNativeTarget section */
		OBJ_102 /* Locksmith */ = {
			isa = PBXNativeTarget;
			buildConfigurationList = OBJ_103 /* Build configuration list for PBXNativeTarget "Locksmith" */;
			buildPhases = (
				OBJ_106 /* Sources */,
				OBJ_114 /* Frameworks */,
			);
			buildRules = (
			);
			dependencies = (
			);
			name = Locksmith;
			productName = Locksmith;
			productReference = OBJ_65 /* Locksmith.framework */;
			productType = "com.apple.product-type.framework";
		};
		OBJ_115 /* KanbanizeAPI */ = {
			isa = PBXNativeTarget;
			buildConfigurationList = OBJ_116 /* Build configuration list for PBXNativeTarget "KanbanizeAPI" */;
			buildPhases = (
				OBJ_119 /* Sources */,
				OBJ_129 /* Frameworks */,
			);
			buildRules = (
			);
			dependencies = (
			);
			name = KanbanizeAPI;
			productName = KanbanizeAPI;
			productReference = OBJ_66 /* KanbanizeAPI.framework */;
			productType = "com.apple.product-type.framework";
		};
		OBJ_130 /* KanbanizeCLI */ = {
			isa = PBXNativeTarget;
			buildConfigurationList = OBJ_131 /* Build configuration list for PBXNativeTarget "KanbanizeCLI" */;
			buildPhases = (
				OBJ_134 /* Sources */,
				OBJ_141 /* Frameworks */,
			);
			buildRules = (
			);
			dependencies = (
				OBJ_145 /* PBXTargetDependency */,
				OBJ_146 /* PBXTargetDependency */,
				OBJ_147 /* PBXTargetDependency */,
			);
			name = KanbanizeCLI;
			productName = KanbanizeCLI;
			productReference = OBJ_67 /* KanbanizeCLI */;
			productType = "com.apple.product-type.tool";
		};
		OBJ_68 /* Swiftline */ = {
			isa = PBXNativeTarget;
			buildConfigurationList = OBJ_69 /* Build configuration list for PBXNativeTarget "Swiftline" */;
			buildPhases = (
				OBJ_72 /* Sources */,
				OBJ_101 /* Frameworks */,
			);
			buildRules = (
			);
			dependencies = (
			);
			name = Swiftline;
			productName = Swiftline;
			productReference = OBJ_64 /* Swiftline.framework */;
			productType = "com.apple.product-type.framework";
		};
/* End PBXNativeTarget section */

/* Begin PBXProject section */
		OBJ_1 /* Project object */ = {
			isa = PBXProject;
			attributes = {
				LastUpgradeCheck = 9999;
				TargetAttributes = {
					OBJ_130 = {
						LastSwiftMigration = 0820;
					};
				};
			};
			buildConfigurationList = OBJ_2 /* Build configuration list for PBXProject "KanbanizeCLI" */;
			compatibilityVersion = "Xcode 3.2";
			developmentRegion = English;
			hasScannedForEncodings = 0;
			knownRegions = (
				en,
			);
			mainGroup = OBJ_5 /*  */;
			productRefGroup = OBJ_63 /* Products */;
			projectDirPath = "";
			projectRoot = "";
			targets = (
				OBJ_68 /* Swiftline */,
				OBJ_102 /* Locksmith */,
				OBJ_115 /* KanbanizeAPI */,
				OBJ_130 /* KanbanizeCLI */,
			);
		};
/* End PBXProject section */

/* Begin PBXSourcesBuildPhase section */
		OBJ_106 /* Sources */ = {
			isa = PBXSourcesBuildPhase;
			buildActionMask = 0;
			files = (
				OBJ_107 /* Dictionary_Initializers.swift in Sources */,
				OBJ_108 /* Locksmith.swift in Sources */,
				OBJ_109 /* LocksmithAccessibleOption.swift in Sources */,
				OBJ_110 /* LocksmithError.swift in Sources */,
				OBJ_111 /* LocksmithInternetAuthenticationType.swift in Sources */,
				OBJ_112 /* LocksmithInternetProtocol.swift in Sources */,
				OBJ_113 /* LocksmithSecurityClass.swift in Sources */,
			);
			runOnlyForDeploymentPostprocessing = 0;
		};
		OBJ_119 /* Sources */ = {
			isa = PBXSourcesBuildPhase;
			buildActionMask = 0;
			files = (
				OBJ_120 /* AddComment.swift in Sources */,
				OBJ_121 /* APIFunctions.swift in Sources */,
				OBJ_122 /* Client.swift in Sources */,
				OBJ_123 /* Executor.swift in Sources */,
				OBJ_124 /* LogTime.swift in Sources */,
				OBJ_125 /* Params.swift in Sources */,
				OBJ_126 /* Request.swift in Sources */,
				OBJ_127 /* Response.swift in Sources */,
				OBJ_128 /* URL.swift in Sources */,
			);
			runOnlyForDeploymentPostprocessing = 0;
		};
		OBJ_134 /* Sources */ = {
			isa = PBXSourcesBuildPhase;
			buildActionMask = 0;
			files = (
				OBJ_135 /* AddCommentCommand.swift in Sources */,
				OBJ_136 /* Commands.swift in Sources */,
				OBJ_137 /* Login.swift in Sources */,
				OBJ_138 /* LogTimeCommand.swift in Sources */,
				OBJ_139 /* main.swift in Sources */,
				OBJ_140 /* SwitchTask.swift in Sources */,
			);
			runOnlyForDeploymentPostprocessing = 0;
		};
		OBJ_72 /* Sources */ = {
			isa = PBXSourcesBuildPhase;
			buildActionMask = 0;
			files = (
				OBJ_73 /* Agree.swift in Sources */,
				OBJ_74 /* AgreeSettings.swift in Sources */,
				OBJ_75 /* ArgConvertible.swift in Sources */,
				OBJ_76 /* Args.swift in Sources */,
				OBJ_77 /* ArgsParser.swift in Sources */,
				OBJ_78 /* Argument.swift in Sources */,
				OBJ_79 /* Ask.swift in Sources */,
				OBJ_80 /* AskerValidator.swift in Sources */,
				OBJ_81 /* AskSettings.swift in Sources */,
				OBJ_82 /* Choose.swift in Sources */,
				OBJ_83 /* ChooseSettings.swift in Sources */,
				OBJ_84 /* Colorizer.swift in Sources */,
				OBJ_85 /* CommandExecutor.swift in Sources */,
				OBJ_86 /* Env.swift in Sources */,
				OBJ_87 /* Glob.swift in Sources */,
				OBJ_88 /* ProcessInfo.swift in Sources */,
				OBJ_89 /* PromptPrinter.swift in Sources */,
				OBJ_90 /* PromptReader.swift in Sources */,
				OBJ_91 /* PromptSettings.swift in Sources */,
				OBJ_92 /* Runner.swift in Sources */,
				OBJ_93 /* RunnerSettings.swift in Sources */,
				OBJ_94 /* RunResults.swift in Sources */,
				OBJ_95 /* ShortHandRunner.swift in Sources */,
				OBJ_96 /* StringBackgroundColorizer.swift in Sources */,
				OBJ_97 /* StringForegroundColorizer.swift in Sources */,
				OBJ_98 /* StringStyle.swift in Sources */,
				OBJ_99 /* StringStyleColorizer.swift in Sources */,
				OBJ_100 /* TaskPipe.swift in Sources */,
			);
			runOnlyForDeploymentPostprocessing = 0;
		};
/* End PBXSourcesBuildPhase section */

/* Begin PBXTargetDependency section */
		OBJ_145 /* PBXTargetDependency */ = {
			isa = PBXTargetDependency;
			target = OBJ_68 /* Swiftline */;
			targetProxy = 095CDCB61E1113E800C8B862 /* PBXContainerItemProxy */;
		};
		OBJ_146 /* PBXTargetDependency */ = {
			isa = PBXTargetDependency;
			target = OBJ_102 /* Locksmith */;
			targetProxy = 095CDCB71E1113E800C8B862 /* PBXContainerItemProxy */;
		};
		OBJ_147 /* PBXTargetDependency */ = {
			isa = PBXTargetDependency;
			target = OBJ_115 /* KanbanizeAPI */;
			targetProxy = 095CDCB81E1113E800C8B862 /* PBXContainerItemProxy */;
		};
/* End PBXTargetDependency section */

/* Begin XCBuildConfiguration section */
		OBJ_104 /* Debug */ = {
			isa = XCBuildConfiguration;
			buildSettings = {
				ENABLE_TESTABILITY = YES;
				FRAMEWORK_SEARCH_PATHS = (
					"$(inherited)",
					"$(PLATFORM_DIR)/Developer/Library/Frameworks",
				);
				HEADER_SEARCH_PATHS = "$(inherited)";
				INFOPLIST_FILE = KanbanizeCLI.xcodeproj/Locksmith_Info.plist;
				LD_RUNPATH_SEARCH_PATHS = "$(TOOLCHAIN_DIR)/usr/lib/swift/macosx";
				OTHER_LDFLAGS = "$(inherited)";
				OTHER_SWIFT_FLAGS = "$(inherited)";
				PRODUCT_BUNDLE_IDENTIFIER = Locksmith;
				PRODUCT_MODULE_NAME = "$(TARGET_NAME:c99extidentifier)";
				PRODUCT_NAME = "$(TARGET_NAME:c99extidentifier)";
				TARGET_NAME = Locksmith;
			};
			name = Debug;
		};
		OBJ_105 /* Release */ = {
			isa = XCBuildConfiguration;
			buildSettings = {
				ENABLE_TESTABILITY = YES;
				FRAMEWORK_SEARCH_PATHS = (
					"$(inherited)",
					"$(PLATFORM_DIR)/Developer/Library/Frameworks",
				);
				HEADER_SEARCH_PATHS = "$(inherited)";
				INFOPLIST_FILE = KanbanizeCLI.xcodeproj/Locksmith_Info.plist;
				LD_RUNPATH_SEARCH_PATHS = "$(TOOLCHAIN_DIR)/usr/lib/swift/macosx";
				OTHER_LDFLAGS = "$(inherited)";
				OTHER_SWIFT_FLAGS = "$(inherited)";
				PRODUCT_BUNDLE_IDENTIFIER = Locksmith;
				PRODUCT_MODULE_NAME = "$(TARGET_NAME:c99extidentifier)";
				PRODUCT_NAME = "$(TARGET_NAME:c99extidentifier)";
				TARGET_NAME = Locksmith;
			};
			name = Release;
		};
		OBJ_117 /* Debug */ = {
			isa = XCBuildConfiguration;
			buildSettings = {
				ENABLE_TESTABILITY = YES;
				FRAMEWORK_SEARCH_PATHS = (
					"$(inherited)",
					"$(PLATFORM_DIR)/Developer/Library/Frameworks",
				);
				HEADER_SEARCH_PATHS = "$(inherited)";
				INFOPLIST_FILE = KanbanizeCLI.xcodeproj/KanbanizeAPI_Info.plist;
				LD_RUNPATH_SEARCH_PATHS = "$(TOOLCHAIN_DIR)/usr/lib/swift/macosx";
				OTHER_LDFLAGS = "$(inherited)";
				OTHER_SWIFT_FLAGS = "$(inherited)";
				PRODUCT_BUNDLE_IDENTIFIER = KanbanizeAPI;
				PRODUCT_MODULE_NAME = "$(TARGET_NAME:c99extidentifier)";
				PRODUCT_NAME = "$(TARGET_NAME:c99extidentifier)";
				TARGET_NAME = KanbanizeAPI;
			};
			name = Debug;
		};
		OBJ_118 /* Release */ = {
			isa = XCBuildConfiguration;
			buildSettings = {
				ENABLE_TESTABILITY = YES;
				FRAMEWORK_SEARCH_PATHS = (
					"$(inherited)",
					"$(PLATFORM_DIR)/Developer/Library/Frameworks",
				);
				HEADER_SEARCH_PATHS = "$(inherited)";
				INFOPLIST_FILE = KanbanizeCLI.xcodeproj/KanbanizeAPI_Info.plist;
				LD_RUNPATH_SEARCH_PATHS = "$(TOOLCHAIN_DIR)/usr/lib/swift/macosx";
				OTHER_LDFLAGS = "$(inherited)";
				OTHER_SWIFT_FLAGS = "$(inherited)";
				PRODUCT_BUNDLE_IDENTIFIER = KanbanizeAPI;
				PRODUCT_MODULE_NAME = "$(TARGET_NAME:c99extidentifier)";
				PRODUCT_NAME = "$(TARGET_NAME:c99extidentifier)";
				TARGET_NAME = KanbanizeAPI;
			};
			name = Release;
		};
		OBJ_132 /* Debug */ = {
			isa = XCBuildConfiguration;
			buildSettings = {
				FRAMEWORK_SEARCH_PATHS = (
					"$(inherited)",
					"$(PLATFORM_DIR)/Developer/Library/Frameworks",
				);
				HEADER_SEARCH_PATHS = "$(inherited)";
				INFOPLIST_FILE = KanbanizeCLI.xcodeproj/KanbanizeCLI_Info.plist;
				LD_RUNPATH_SEARCH_PATHS = "$(TOOLCHAIN_DIR)/usr/lib/swift/macosx @executable_path";
				OTHER_LDFLAGS = "$(inherited)";
				OTHER_SWIFT_FLAGS = "$(inherited)";
				SWIFT_FORCE_DYNAMIC_LINK_STDLIB = YES;
				SWIFT_FORCE_STATIC_LINK_STDLIB = NO;
				SWIFT_VERSION = 3.0;
				TARGET_NAME = KanbanizeCLI;
			};
			name = Debug;
		};
		OBJ_133 /* Release */ = {
			isa = XCBuildConfiguration;
			buildSettings = {
				FRAMEWORK_SEARCH_PATHS = (
					"$(inherited)",
					"$(PLATFORM_DIR)/Developer/Library/Frameworks",
				);
				HEADER_SEARCH_PATHS = "$(inherited)";
				INFOPLIST_FILE = KanbanizeCLI.xcodeproj/KanbanizeCLI_Info.plist;
				LD_RUNPATH_SEARCH_PATHS = "$(TOOLCHAIN_DIR)/usr/lib/swift/macosx @executable_path";
				OTHER_LDFLAGS = "$(inherited)";
				OTHER_SWIFT_FLAGS = "$(inherited)";
				SWIFT_FORCE_DYNAMIC_LINK_STDLIB = YES;
				SWIFT_FORCE_STATIC_LINK_STDLIB = NO;
				SWIFT_VERSION = 3.0;
				TARGET_NAME = KanbanizeCLI;
			};
			name = Release;
		};
		OBJ_3 /* Debug */ = {
			isa = XCBuildConfiguration;
			buildSettings = {
				COMBINE_HIDPI_IMAGES = YES;
				COPY_PHASE_STRIP = NO;
				DEBUG_INFORMATION_FORMAT = dwarf;
				DYLIB_INSTALL_NAME_BASE = "@rpath";
				ENABLE_NS_ASSERTIONS = YES;
				GCC_OPTIMIZATION_LEVEL = 0;
				MACOSX_DEPLOYMENT_TARGET = 10.10;
				ONLY_ACTIVE_ARCH = YES;
				OTHER_SWIFT_FLAGS = "-DXcode";
				PRODUCT_NAME = "$(TARGET_NAME)";
				SDKROOT = macosx;
				SUPPORTED_PLATFORMS = "macosx iphoneos iphonesimulator appletvos appletvsimulator watchos watchsimulator";
				SWIFT_ACTIVE_COMPILATION_CONDITIONS = SWIFT_PACKAGE;
				SWIFT_OPTIMIZATION_LEVEL = "-Onone";
				SWIFT_VERSION = 3.0;
				USE_HEADERMAP = NO;
			};
			name = Debug;
		};
		OBJ_4 /* Release */ = {
			isa = XCBuildConfiguration;
			buildSettings = {
				COMBINE_HIDPI_IMAGES = YES;
				COPY_PHASE_STRIP = YES;
				DEBUG_INFORMATION_FORMAT = "dwarf-with-dsym";
				DYLIB_INSTALL_NAME_BASE = "@rpath";
				GCC_OPTIMIZATION_LEVEL = s;
				MACOSX_DEPLOYMENT_TARGET = 10.10;
				OTHER_SWIFT_FLAGS = "-DXcode";
				PRODUCT_NAME = "$(TARGET_NAME)";
				SDKROOT = macosx;
				SUPPORTED_PLATFORMS = "macosx iphoneos iphonesimulator appletvos appletvsimulator watchos watchsimulator";
				SWIFT_ACTIVE_COMPILATION_CONDITIONS = SWIFT_PACKAGE;
				SWIFT_OPTIMIZATION_LEVEL = "-O";
				SWIFT_VERSION = 3.0;
				USE_HEADERMAP = NO;
			};
			name = Release;
		};
		OBJ_70 /* Debug */ = {
			isa = XCBuildConfiguration;
			buildSettings = {
				ENABLE_TESTABILITY = YES;
				FRAMEWORK_SEARCH_PATHS = (
					"$(inherited)",
					"$(PLATFORM_DIR)/Developer/Library/Frameworks",
				);
				HEADER_SEARCH_PATHS = "$(inherited)";
				INFOPLIST_FILE = KanbanizeCLI.xcodeproj/Swiftline_Info.plist;
				LD_RUNPATH_SEARCH_PATHS = "$(TOOLCHAIN_DIR)/usr/lib/swift/macosx";
				OTHER_LDFLAGS = "$(inherited)";
				OTHER_SWIFT_FLAGS = "$(inherited)";
				PRODUCT_BUNDLE_IDENTIFIER = Swiftline;
				PRODUCT_MODULE_NAME = "$(TARGET_NAME:c99extidentifier)";
				PRODUCT_NAME = "$(TARGET_NAME:c99extidentifier)";
				TARGET_NAME = Swiftline;
			};
			name = Debug;
		};
		OBJ_71 /* Release */ = {
			isa = XCBuildConfiguration;
			buildSettings = {
				ENABLE_TESTABILITY = YES;
				FRAMEWORK_SEARCH_PATHS = (
					"$(inherited)",
					"$(PLATFORM_DIR)/Developer/Library/Frameworks",
				);
				HEADER_SEARCH_PATHS = "$(inherited)";
				INFOPLIST_FILE = KanbanizeCLI.xcodeproj/Swiftline_Info.plist;
				LD_RUNPATH_SEARCH_PATHS = "$(TOOLCHAIN_DIR)/usr/lib/swift/macosx";
				OTHER_LDFLAGS = "$(inherited)";
				OTHER_SWIFT_FLAGS = "$(inherited)";
				PRODUCT_BUNDLE_IDENTIFIER = Swiftline;
				PRODUCT_MODULE_NAME = "$(TARGET_NAME:c99extidentifier)";
				PRODUCT_NAME = "$(TARGET_NAME:c99extidentifier)";
				TARGET_NAME = Swiftline;
			};
			name = Release;
		};
/* End XCBuildConfiguration section */

/* Begin XCConfigurationList section */
		OBJ_103 /* Build configuration list for PBXNativeTarget "Locksmith" */ = {
			isa = XCConfigurationList;
			buildConfigurations = (
				OBJ_104 /* Debug */,
				OBJ_105 /* Release */,
			);
			defaultConfigurationIsVisible = 0;
			defaultConfigurationName = Debug;
		};
		OBJ_116 /* Build configuration list for PBXNativeTarget "KanbanizeAPI" */ = {
			isa = XCConfigurationList;
			buildConfigurations = (
				OBJ_117 /* Debug */,
				OBJ_118 /* Release */,
			);
			defaultConfigurationIsVisible = 0;
			defaultConfigurationName = Debug;
		};
		OBJ_131 /* Build configuration list for PBXNativeTarget "KanbanizeCLI" */ = {
			isa = XCConfigurationList;
			buildConfigurations = (
				OBJ_132 /* Debug */,
				OBJ_133 /* Release */,
			);
			defaultConfigurationIsVisible = 0;
			defaultConfigurationName = Debug;
		};
		OBJ_2 /* Build configuration list for PBXProject "KanbanizeCLI" */ = {
			isa = XCConfigurationList;
			buildConfigurations = (
				OBJ_3 /* Debug */,
				OBJ_4 /* Release */,
			);
			defaultConfigurationIsVisible = 0;
			defaultConfigurationName = Debug;
		};
		OBJ_69 /* Build configuration list for PBXNativeTarget "Swiftline" */ = {
			isa = XCConfigurationList;
			buildConfigurations = (
				OBJ_70 /* Debug */,
				OBJ_71 /* Release */,
			);
			defaultConfigurationIsVisible = 0;
			defaultConfigurationName = Debug;
		};
/* End XCConfigurationList section */
	};
	rootObject = OBJ_1 /* Project object */;
}
